// !$*UTF8*$!
{
	archiveVersion = 1;
	classes = {
	};
	objectVersion = 50;
	objects = {

/* Begin PBXBuildFile section */
		094AD4C324A79952001DB280 /* ConstantsTemplate.swift in Sources */ = {isa = PBXBuildFile; fileRef = 094AD4C224A79952001DB280 /* ConstantsTemplate.swift */; };
		0972733924A66D2D00C6CED8 /* Constants.swift in Sources */ = {isa = PBXBuildFile; fileRef = 0972733824A66D2D00C6CED8 /* Constants.swift */; };
		0972733B24A66F9C00C6CED8 /* Video.swift in Sources */ = {isa = PBXBuildFile; fileRef = 0972733A24A66F9C00C6CED8 /* Video.swift */; };
		0972733D24A6700A00C6CED8 /* Model.swift in Sources */ = {isa = PBXBuildFile; fileRef = 0972733C24A6700A00C6CED8 /* Model.swift */; };
		09C6911B24A65DD900B57AF3 /* AppDelegate.swift in Sources */ = {isa = PBXBuildFile; fileRef = 09C6911A24A65DD900B57AF3 /* AppDelegate.swift */; };
		09C6911D24A65DD900B57AF3 /* SceneDelegate.swift in Sources */ = {isa = PBXBuildFile; fileRef = 09C6911C24A65DD900B57AF3 /* SceneDelegate.swift */; };
		09C6911F24A65DD900B57AF3 /* ViewController.swift in Sources */ = {isa = PBXBuildFile; fileRef = 09C6911E24A65DD900B57AF3 /* ViewController.swift */; };
		09C6912224A65DD900B57AF3 /* Main.storyboard in Resources */ = {isa = PBXBuildFile; fileRef = 09C6912024A65DD900B57AF3 /* Main.storyboard */; };
		09C6912424A65DDD00B57AF3 /* Assets.xcassets in Resources */ = {isa = PBXBuildFile; fileRef = 09C6912324A65DDD00B57AF3 /* Assets.xcassets */; };
		09C6912724A65DDD00B57AF3 /* LaunchScreen.storyboard in Resources */ = {isa = PBXBuildFile; fileRef = 09C6912524A65DDD00B57AF3 /* LaunchScreen.storyboard */; };
/* End PBXBuildFile section */

/* Begin PBXFileReference section */
		094AD4C224A79952001DB280 /* ConstantsTemplate.swift */ = {isa = PBXFileReference; lastKnownFileType = sourcecode.swift; path = ConstantsTemplate.swift; sourceTree = "<group>"; };
		0972733824A66D2D00C6CED8 /* Constants.swift */ = {isa = PBXFileReference; lastKnownFileType = sourcecode.swift; path = Constants.swift; sourceTree = "<group>"; };
		0972733A24A66F9C00C6CED8 /* Video.swift */ = {isa = PBXFileReference; lastKnownFileType = sourcecode.swift; path = Video.swift; sourceTree = "<group>"; };
		0972733C24A6700A00C6CED8 /* Model.swift */ = {isa = PBXFileReference; lastKnownFileType = sourcecode.swift; path = Model.swift; sourceTree = "<group>"; };
		09C6911724A65DD900B57AF3 /* youtube clone.app */ = {isa = PBXFileReference; explicitFileType = wrapper.application; includeInIndex = 0; path = "youtube clone.app"; sourceTree = BUILT_PRODUCTS_DIR; };
		09C6911A24A65DD900B57AF3 /* AppDelegate.swift */ = {isa = PBXFileReference; lastKnownFileType = sourcecode.swift; path = AppDelegate.swift; sourceTree = "<group>"; };
		09C6911C24A65DD900B57AF3 /* SceneDelegate.swift */ = {isa = PBXFileReference; lastKnownFileType = sourcecode.swift; path = SceneDelegate.swift; sourceTree = "<group>"; };
		09C6911E24A65DD900B57AF3 /* ViewController.swift */ = {isa = PBXFileReference; lastKnownFileType = sourcecode.swift; path = ViewController.swift; sourceTree = "<group>"; };
		09C6912124A65DD900B57AF3 /* Base */ = {isa = PBXFileReference; lastKnownFileType = file.storyboard; name = Base; path = Base.lproj/Main.storyboard; sourceTree = "<group>"; };
		09C6912324A65DDD00B57AF3 /* Assets.xcassets */ = {isa = PBXFileReference; lastKnownFileType = folder.assetcatalog; path = Assets.xcassets; sourceTree = "<group>"; };
		09C6912624A65DDD00B57AF3 /* Base */ = {isa = PBXFileReference; lastKnownFileType = file.storyboard; name = Base; path = Base.lproj/LaunchScreen.storyboard; sourceTree = "<group>"; };
		09C6912824A65DDD00B57AF3 /* Info.plist */ = {isa = PBXFileReference; lastKnownFileType = text.plist.xml; path = Info.plist; sourceTree = "<group>"; };
/* End PBXFileReference section */

/* Begin PBXFrameworksBuildPhase section */
		09C6911424A65DD900B57AF3 /* Frameworks */ = {
			isa = PBXFrameworksBuildPhase;
			buildActionMask = 2147483647;
			files = (
			);
			runOnlyForDeploymentPostprocessing = 0;
		};
/* End PBXFrameworksBuildPhase section */

/* Begin PBXGroup section */
		09C6910E24A65DD900B57AF3 = {
			isa = PBXGroup;
			children = (
				09C6911924A65DD900B57AF3 /* youtube clone */,
				09C6911824A65DD900B57AF3 /* Products */,
			);
			sourceTree = "<group>";
		};
		09C6911824A65DD900B57AF3 /* Products */ = {
			isa = PBXGroup;
			children = (
				09C6911724A65DD900B57AF3 /* youtube clone.app */,
			);
			name = Products;
			sourceTree = "<group>";
		};
		09C6911924A65DD900B57AF3 /* youtube clone */ = {
			isa = PBXGroup;
			children = (
				09C6911A24A65DD900B57AF3 /* AppDelegate.swift */,
				09C6911C24A65DD900B57AF3 /* SceneDelegate.swift */,
				09C6911E24A65DD900B57AF3 /* ViewController.swift */,
				09C6912024A65DD900B57AF3 /* Main.storyboard */,
				09C6912324A65DDD00B57AF3 /* Assets.xcassets */,
				09C6912524A65DDD00B57AF3 /* LaunchScreen.storyboard */,
				09C6912824A65DDD00B57AF3 /* Info.plist */,
				0972733824A66D2D00C6CED8 /* Constants.swift */,
				094AD4C224A79952001DB280 /* ConstantsTemplate.swift */,
				0972733A24A66F9C00C6CED8 /* Video.swift */,
				0972733C24A6700A00C6CED8 /* Model.swift */,
			);
			path = "youtube clone";
			sourceTree = "<group>";
		};
/* End PBXGroup section */

/* Begin PBXNativeTarget section */
		09C6911624A65DD900B57AF3 /* youtube clone */ = {
			isa = PBXNativeTarget;
			buildConfigurationList = 09C6912B24A65DDD00B57AF3 /* Build configuration list for PBXNativeTarget "youtube clone" */;
			buildPhases = (
				09C6911324A65DD900B57AF3 /* Sources */,
				09C6911424A65DD900B57AF3 /* Frameworks */,
				09C6911524A65DD900B57AF3 /* Resources */,
			);
			buildRules = (
			);
			dependencies = (
			);
			name = "youtube clone";
			productName = "youtube clone";
			productReference = 09C6911724A65DD900B57AF3 /* youtube clone.app */;
			productType = "com.apple.product-type.application";
		};
/* End PBXNativeTarget section */

/* Begin PBXProject section */
		09C6910F24A65DD900B57AF3 /* Project object */ = {
			isa = PBXProject;
			attributes = {
				LastSwiftUpdateCheck = 1150;
				LastUpgradeCheck = 1150;
				ORGANIZATIONNAME = "Rhasya Bintang Rizqi";
				TargetAttributes = {
					09C6911624A65DD900B57AF3 = {
						CreatedOnToolsVersion = 11.5;
					};
				};
			};
			buildConfigurationList = 09C6911224A65DD900B57AF3 /* Build configuration list for PBXProject "youtube clone" */;
			compatibilityVersion = "Xcode 9.3";
			developmentRegion = en;
			hasScannedForEncodings = 0;
			knownRegions = (
				en,
				Base,
			);
			mainGroup = 09C6910E24A65DD900B57AF3;
			productRefGroup = 09C6911824A65DD900B57AF3 /* Products */;
			projectDirPath = "";
			projectRoot = "";
			targets = (
				09C6911624A65DD900B57AF3 /* youtube clone */,
			);
		};
/* End PBXProject section */

/* Begin PBXResourcesBuildPhase section */
		09C6911524A65DD900B57AF3 /* Resources */ = {
			isa = PBXResourcesBuildPhase;
			buildActionMask = 2147483647;
			files = (
				09C6912724A65DDD00B57AF3 /* LaunchScreen.storyboard in Resources */,
				09C6912424A65DDD00B57AF3 /* Assets.xcassets in Resources */,
				09C6912224A65DD900B57AF3 /* Main.storyboard in Resources */,
			);
			runOnlyForDeploymentPostprocessing = 0;
		};
/* End PBXResourcesBuildPhase section */

/* Begin PBXSourcesBuildPhase section */
		09C6911324A65DD900B57AF3 /* Sources */ = {
			isa = PBXSourcesBuildPhase;
			buildActionMask = 2147483647;
			files = (
				094AD4C324A79952001DB280 /* ConstantsTemplate.swift in Sources */,
				09C6911F24A65DD900B57AF3 /* ViewController.swift in Sources */,
				09C6911B24A65DD900B57AF3 /* AppDelegate.swift in Sources */,
				09C6911D24A65DD900B57AF3 /* SceneDelegate.swift in Sources */,
				0972733D24A6700A00C6CED8 /* Model.swift in Sources */,
				0972733924A66D2D00C6CED8 /* Constants.swift in Sources */,
				0972733B24A66F9C00C6CED8 /* Video.swift in Sources */,
			);
			runOnlyForDeploymentPostprocessing = 0;
		};
/* End PBXSourcesBuildPhase section */

/* Begin PBXVariantGroup section */
		09C6912024A65DD900B57AF3 /* Main.storyboard */ = {
			isa = PBXVariantGroup;
			children = (
				09C6912124A65DD900B57AF3 /* Base */,
			);
			name = Main.storyboard;
			sourceTree = "<group>";
		};
		09C6912524A65DDD00B57AF3 /* LaunchScreen.storyboard */ = {
			isa = PBXVariantGroup;
			children = (
				09C6912624A65DDD00B57AF3 /* Base */,
			);
			name = LaunchScreen.storyboard;
			sourceTree = "<group>";
		};
/* End PBXVariantGroup section */

/* Begin XCBuildConfiguration section */
		09C6912924A65DDD00B57AF3 /* Debug */ = {
			isa = XCBuildConfiguration;
			buildSettings = {
				ALWAYS_SEARCH_USER_PATHS = NO;
				CLANG_ANALYZER_NONNULL = YES;
				CLANG_ANALYZER_NUMBER_OBJECT_CONVERSION = YES_AGGRESSIVE;
				CLANG_CXX_LANGUAGE_STANDARD = "gnu++14";
				CLANG_CXX_LIBRARY = "libc++";
				CLANG_ENABLE_MODULES = YES;
				CLANG_ENABLE_OBJC_ARC = YES;
				CLANG_ENABLE_OBJC_WEAK = YES;
				CLANG_WARN_BLOCK_CAPTURE_AUTORELEASING = YES;
				CLANG_WARN_BOOL_CONVERSION = YES;
				CLANG_WARN_COMMA = YES;
				CLANG_WARN_CONSTANT_CONVERSION = YES;
				CLANG_WARN_DEPRECATED_OBJC_IMPLEMENTATIONS = YES;
				CLANG_WARN_DIRECT_OBJC_ISA_USAGE = YES_ERROR;
				CLANG_WARN_DOCUMENTATION_COMMENTS = YES;
				CLANG_WARN_EMPTY_BODY = YES;
				CLANG_WARN_ENUM_CONVERSION = YES;
				CLANG_WARN_INFINITE_RECURSION = YES;
				CLANG_WARN_INT_CONVERSION = YES;
				CLANG_WARN_NON_LITERAL_NULL_CONVERSION = YES;
				CLANG_WARN_OBJC_IMPLICIT_RETAIN_SELF = YES;
				CLANG_WARN_OBJC_LITERAL_CONVERSION = YES;
				CLANG_WARN_OBJC_ROOT_CLASS = YES_ERROR;
				CLANG_WARN_RANGE_LOOP_ANALYSIS = YES;
				CLANG_WARN_STRICT_PROTOTYPES = YES;
				CLANG_WARN_SUSPICIOUS_MOVE = YES;
				CLANG_WARN_UNGUARDED_AVAILABILITY = YES_AGGRESSIVE;
				CLANG_WARN_UNREACHABLE_CODE = YES;
				CLANG_WARN__DUPLICATE_METHOD_MATCH = YES;
				COPY_PHASE_STRIP = NO;
				DEBUG_INFORMATION_FORMAT = dwarf;
				ENABLE_STRICT_OBJC_MSGSEND = YES;
				ENABLE_TESTABILITY = YES;
				GCC_C_LANGUAGE_STANDARD = gnu11;
				GCC_DYNAMIC_NO_PIC = NO;
				GCC_NO_COMMON_BLOCKS = YES;
				GCC_OPTIMIZATION_LEVEL = 0;
				GCC_PREPROCESSOR_DEFINITIONS = (
					"DEBUG=1",
					"$(inherited)",
				);
				GCC_WARN_64_TO_32_BIT_CONVERSION = YES;
				GCC_WARN_ABOUT_RETURN_TYPE = YES_ERROR;
				GCC_WARN_UNDECLARED_SELECTOR = YES;
				GCC_WARN_UNINITIALIZED_AUTOS = YES_AGGRESSIVE;
				GCC_WARN_UNUSED_FUNCTION = YES;
				GCC_WARN_UNUSED_VARIABLE = YES;
				IPHONEOS_DEPLOYMENT_TARGET = 13.5;
				MTL_ENABLE_DEBUG_INFO = INCLUDE_SOURCE;
				MTL_FAST_MATH = YES;
				ONLY_ACTIVE_ARCH = YES;
				SDKROOT = iphoneos;
				SWIFT_ACTIVE_COMPILATION_CONDITIONS = DEBUG;
				SWIFT_OPTIMIZATION_LEVEL = "-Onone";
			};
			name = Debug;
		};
		09C6912A24A65DDD00B57AF3 /* Release */ = {
			isa = XCBuildConfiguration;
			buildSettings = {
				ALWAYS_SEARCH_USER_PATHS = NO;
				CLANG_ANALYZER_NONNULL = YES;
				CLANG_ANALYZER_NUMBER_OBJECT_CONVERSION = YES_AGGRESSIVE;
				CLANG_CXX_LANGUAGE_STANDARD = "gnu++14";
				CLANG_CXX_LIBRARY = "libc++";
				CLANG_ENABLE_MODULES = YES;
				CLANG_ENABLE_OBJC_ARC = YES;
				CLANG_ENABLE_OBJC_WEAK = YES;
				CLANG_WARN_BLOCK_CAPTURE_AUTORELEASING = YES;
				CLANG_WARN_BOOL_CONVERSION = YES;
				CLANG_WARN_COMMA = YES;
				CLANG_WARN_CONSTANT_CONVERSION = YES;
				CLANG_WARN_DEPRECATED_OBJC_IMPLEMENTATIONS = YES;
				CLANG_WARN_DIRECT_OBJC_ISA_USAGE = YES_ERROR;
				CLANG_WARN_DOCUMENTATION_COMMENTS = YES;
				CLANG_WARN_EMPTY_BODY = YES;
				CLANG_WARN_ENUM_CONVERSION = YES;
				CLANG_WARN_INFINITE_RECURSION = YES;
				CLANG_WARN_INT_CONVERSION = YES;
				CLANG_WARN_NON_LITERAL_NULL_CONVERSION = YES;
				CLANG_WARN_OBJC_IMPLICIT_RETAIN_SELF = YES;
				CLANG_WARN_OBJC_LITERAL_CONVERSION = YES;
				CLANG_WARN_OBJC_ROOT_CLASS = YES_ERROR;
				CLANG_WARN_RANGE_LOOP_ANALYSIS = YES;
				CLANG_WARN_STRICT_PROTOTYPES = YES;
				CLANG_WARN_SUSPICIOUS_MOVE = YES;
				CLANG_WARN_UNGUARDED_AVAILABILITY = YES_AGGRESSIVE;
				CLANG_WARN_UNREACHABLE_CODE = YES;
				CLANG_WARN__DUPLICATE_METHOD_MATCH = YES;
				COPY_PHASE_STRIP = NO;
				DEBUG_INFORMATION_FORMAT = "dwarf-with-dsym";
				ENABLE_NS_ASSERTIONS = NO;
				ENABLE_STRICT_OBJC_MSGSEND = YES;
				GCC_C_LANGUAGE_STANDARD = gnu11;
				GCC_NO_COMMON_BLOCKS = YES;
				GCC_WARN_64_TO_32_BIT_CONVERSION = YES;
				GCC_WARN_ABOUT_RETURN_TYPE = YES_ERROR;
				GCC_WARN_UNDECLARED_SELECTOR = YES;
				GCC_WARN_UNINITIALIZED_AUTOS = YES_AGGRESSIVE;
				GCC_WARN_UNUSED_FUNCTION = YES;
				GCC_WARN_UNUSED_VARIABLE = YES;
				IPHONEOS_DEPLOYMENT_TARGET = 13.5;
				MTL_ENABLE_DEBUG_INFO = NO;
				MTL_FAST_MATH = YES;
				SDKROOT = iphoneos;
				SWIFT_COMPILATION_MODE = wholemodule;
				SWIFT_OPTIMIZATION_LEVEL = "-O";
				VALIDATE_PRODUCT = YES;
			};
			name = Release;
		};
		09C6912C24A65DDD00B57AF3 /* Debug */ = {
			isa = XCBuildConfiguration;
			buildSettings = {
				ASSETCATALOG_COMPILER_APPICON_NAME = AppIcon;
				CODE_SIGN_STYLE = Automatic;
				DEVELOPMENT_TEAM = KV9HS2V79U;
				INFOPLIST_FILE = "youtube clone/Info.plist";
				LD_RUNPATH_SEARCH_PATHS = (
					"$(inherited)",
					"@executable_path/Frameworks",
				);
				PRODUCT_BUNDLE_IDENTIFIER = "com.rhasyab.youtube-clone";
				PRODUCT_NAME = "$(TARGET_NAME)";
				SWIFT_VERSION = 5.0;
				TARGETED_DEVICE_FAMILY = "1,2";
			};
			name = Debug;
		};
		09C6912D24A65DDD00B57AF3 /* Release */ = {
			isa = XCBuildConfiguration;
			buildSettings = {
				ASSETCATALOG_COMPILER_APPICON_NAME = AppIcon;
				CODE_SIGN_STYLE = Automatic;
				DEVELOPMENT_TEAM = KV9HS2V79U;
				INFOPLIST_FILE = "youtube clone/Info.plist";
				LD_RUNPATH_SEARCH_PATHS = (
					"$(inherited)",
					"@executable_path/Frameworks",
				);
				PRODUCT_BUNDLE_IDENTIFIER = "com.rhasyab.youtube-clone";
				PRODUCT_NAME = "$(TARGET_NAME)";
				SWIFT_VERSION = 5.0;
				TARGETED_DEVICE_FAMILY = "1,2";
			};
			name = Release;
		};
/* End XCBuildConfiguration section */

/* Begin XCConfigurationList section */
		09C6911224A65DD900B57AF3 /* Build configuration list for PBXProject "youtube clone" */ = {
			isa = XCConfigurationList;
			buildConfigurations = (
				09C6912924A65DDD00B57AF3 /* Debug */,
				09C6912A24A65DDD00B57AF3 /* Release */,
			);
			defaultConfigurationIsVisible = 0;
			defaultConfigurationName = Release;
		};
		09C6912B24A65DDD00B57AF3 /* Build configuration list for PBXNativeTarget "youtube clone" */ = {
			isa = XCConfigurationList;
			buildConfigurations = (
				09C6912C24A65DDD00B57AF3 /* Debug */,
				09C6912D24A65DDD00B57AF3 /* Release */,
			);
			defaultConfigurationIsVisible = 0;
			defaultConfigurationName = Release;
		};
/* End XCConfigurationList section */
	};
	rootObject = 09C6910F24A65DD900B57AF3 /* Project object */;
}
